{
  "version": 4,
  "terraform_version": "0.12.26",
  "serial": 77,
  "lineage": "fa1b70e7-040c-c2fb-7712-73413cae4821",
  "outputs": {},
  "resources": [
    {
      "module": "module.main-vpc.module.main-vpc",
      "mode": "data",
      "type": "aws_iam_policy_document",
      "name": "flow_log_cloudwatch_assume_role",
      "each": "list",
      "provider": "provider.aws",
      "instances": []
    },
    {
      "module": "module.main-vpc.module.main-vpc",
      "mode": "data",
      "type": "aws_iam_policy_document",
      "name": "vpc_flow_log_cloudwatch",
      "each": "list",
      "provider": "provider.aws",
      "instances": []
    },
    {
      "module": "module.main-vpc.module.main-vpc",
      "mode": "data",
      "type": "aws_vpc_endpoint_service",
      "name": "access_analyzer",
      "each": "list",
      "provider": "provider.aws",
      "instances": []
    },
    {
      "module": "module.main-vpc.module.main-vpc",
      "mode": "data",
      "type": "aws_vpc_endpoint_service",
      "name": "acm_pca",
      "each": "list",
      "provider": "provider.aws",
      "instances": []
    },
    {
      "module": "module.main-vpc.module.main-vpc",
      "mode": "data",
      "type": "aws_vpc_endpoint_service",
      "name": "apigw",
      "each": "list",
      "provider": "provider.aws",
      "instances": []
    },
    {
      "module": "module.main-vpc.module.main-vpc",
      "mode": "data",
      "type": "aws_vpc_endpoint_service",
      "name": "appmesh_envoy_management",
      "each": "list",
      "provider": "provider.aws",
      "instances": []
    },
    {
      "module": "module.main-vpc.module.main-vpc",
      "mode": "data",
      "type": "aws_vpc_endpoint_service",
      "name": "appstream",
      "each": "list",
      "provider": "provider.aws",
      "instances": []
    },
    {
      "module": "module.main-vpc.module.main-vpc",
      "mode": "data",
      "type": "aws_vpc_endpoint_service",
      "name": "athena",
      "each": "list",
      "provider": "provider.aws",
      "instances": []
    },
    {
      "module": "module.main-vpc.module.main-vpc",
      "mode": "data",
      "type": "aws_vpc_endpoint_service",
      "name": "auto_scaling_plans",
      "each": "list",
      "provider": "provider.aws",
      "instances": []
    },
    {
      "module": "module.main-vpc.module.main-vpc",
      "mode": "data",
      "type": "aws_vpc_endpoint_service",
      "name": "cloud_directory",
      "each": "list",
      "provider": "provider.aws",
      "instances": []
    },
    {
      "module": "module.main-vpc.module.main-vpc",
      "mode": "data",
      "type": "aws_vpc_endpoint_service",
      "name": "cloudformation",
      "each": "list",
      "provider": "provider.aws",
      "instances": []
    },
    {
      "module": "module.main-vpc.module.main-vpc",
      "mode": "data",
      "type": "aws_vpc_endpoint_service",
      "name": "cloudtrail",
      "each": "list",
      "provider": "provider.aws",
      "instances": []
    },
    {
      "module": "module.main-vpc.module.main-vpc",
      "mode": "data",
      "type": "aws_vpc_endpoint_service",
      "name": "codebuild",
      "each": "list",
      "provider": "provider.aws",
      "instances": []
    },
    {
      "module": "module.main-vpc.module.main-vpc",
      "mode": "data",
      "type": "aws_vpc_endpoint_service",
      "name": "codecommit",
      "each": "list",
      "provider": "provider.aws",
      "instances": []
    },
    {
      "module": "module.main-vpc.module.main-vpc",
      "mode": "data",
      "type": "aws_vpc_endpoint_service",
      "name": "codepipeline",
      "each": "list",
      "provider": "provider.aws",
      "instances": []
    },
    {
      "module": "module.main-vpc.module.main-vpc",
      "mode": "data",
      "type": "aws_vpc_endpoint_service",
      "name": "config",
      "each": "list",
      "provider": "provider.aws",
      "instances": []
    },
    {
      "module": "module.main-vpc.module.main-vpc",
      "mode": "data",
      "type": "aws_vpc_endpoint_service",
      "name": "datasync",
      "each": "list",
      "provider": "provider.aws",
      "instances": []
    },
    {
      "module": "module.main-vpc.module.main-vpc",
      "mode": "data",
      "type": "aws_vpc_endpoint_service",
      "name": "dynamodb",
      "each": "list",
      "provider": "provider.aws",
      "instances": []
    },
    {
      "module": "module.main-vpc.module.main-vpc",
      "mode": "data",
      "type": "aws_vpc_endpoint_service",
      "name": "ebs",
      "each": "list",
      "provider": "provider.aws",
      "instances": []
    },
    {
      "module": "module.main-vpc.module.main-vpc",
      "mode": "data",
      "type": "aws_vpc_endpoint_service",
      "name": "ec2",
      "each": "list",
      "provider": "provider.aws",
      "instances": []
    },
    {
      "module": "module.main-vpc.module.main-vpc",
      "mode": "data",
      "type": "aws_vpc_endpoint_service",
      "name": "ec2_autoscaling",
      "each": "list",
      "provider": "provider.aws",
      "instances": []
    },
    {
      "module": "module.main-vpc.module.main-vpc",
      "mode": "data",
      "type": "aws_vpc_endpoint_service",
      "name": "ec2messages",
      "each": "list",
      "provider": "provider.aws",
      "instances": []
    },
    {
      "module": "module.main-vpc.module.main-vpc",
      "mode": "data",
      "type": "aws_vpc_endpoint_service",
      "name": "ecr_api",
      "each": "list",
      "provider": "provider.aws",
      "instances": []
    },
    {
      "module": "module.main-vpc.module.main-vpc",
      "mode": "data",
      "type": "aws_vpc_endpoint_service",
      "name": "ecr_dkr",
      "each": "list",
      "provider": "provider.aws",
      "instances": []
    },
    {
      "module": "module.main-vpc.module.main-vpc",
      "mode": "data",
      "type": "aws_vpc_endpoint_service",
      "name": "ecs",
      "each": "list",
      "provider": "provider.aws",
      "instances": []
    },
    {
      "module": "module.main-vpc.module.main-vpc",
      "mode": "data",
      "type": "aws_vpc_endpoint_service",
      "name": "ecs_agent",
      "each": "list",
      "provider": "provider.aws",
      "instances": []
    },
    {
      "module": "module.main-vpc.module.main-vpc",
      "mode": "data",
      "type": "aws_vpc_endpoint_service",
      "name": "ecs_telemetry",
      "each": "list",
      "provider": "provider.aws",
      "instances": []
    },
    {
      "module": "module.main-vpc.module.main-vpc",
      "mode": "data",
      "type": "aws_vpc_endpoint_service",
      "name": "efs",
      "each": "list",
      "provider": "provider.aws",
      "instances": []
    },
    {
      "module": "module.main-vpc.module.main-vpc",
      "mode": "data",
      "type": "aws_vpc_endpoint_service",
      "name": "elastic_inference_runtime",
      "each": "list",
      "provider": "provider.aws",
      "instances": []
    },
    {
      "module": "module.main-vpc.module.main-vpc",
      "mode": "data",
      "type": "aws_vpc_endpoint_service",
      "name": "elasticbeanstalk",
      "each": "list",
      "provider": "provider.aws",
      "instances": []
    },
    {
      "module": "module.main-vpc.module.main-vpc",
      "mode": "data",
      "type": "aws_vpc_endpoint_service",
      "name": "elasticbeanstalk_health",
      "each": "list",
      "provider": "provider.aws",
      "instances": []
    },
    {
      "module": "module.main-vpc.module.main-vpc",
      "mode": "data",
      "type": "aws_vpc_endpoint_service",
      "name": "elasticloadbalancing",
      "each": "list",
      "provider": "provider.aws",
      "instances": []
    },
    {
      "module": "module.main-vpc.module.main-vpc",
      "mode": "data",
      "type": "aws_vpc_endpoint_service",
      "name": "emr",
      "each": "list",
      "provider": "provider.aws",
      "instances": []
    },
    {
      "module": "module.main-vpc.module.main-vpc",
      "mode": "data",
      "type": "aws_vpc_endpoint_service",
      "name": "events",
      "each": "list",
      "provider": "provider.aws",
      "instances": []
    },
    {
      "module": "module.main-vpc.module.main-vpc",
      "mode": "data",
      "type": "aws_vpc_endpoint_service",
      "name": "git_codecommit",
      "each": "list",
      "provider": "provider.aws",
      "instances": []
    },
    {
      "module": "module.main-vpc.module.main-vpc",
      "mode": "data",
      "type": "aws_vpc_endpoint_service",
      "name": "glue",
      "each": "list",
      "provider": "provider.aws",
      "instances": []
    },
    {
      "module": "module.main-vpc.module.main-vpc",
      "mode": "data",
      "type": "aws_vpc_endpoint_service",
      "name": "kinesis_firehose",
      "each": "list",
      "provider": "provider.aws",
      "instances": []
    },
    {
      "module": "module.main-vpc.module.main-vpc",
      "mode": "data",
      "type": "aws_vpc_endpoint_service",
      "name": "kinesis_streams",
      "each": "list",
      "provider": "provider.aws",
      "instances": []
    },
    {
      "module": "module.main-vpc.module.main-vpc",
      "mode": "data",
      "type": "aws_vpc_endpoint_service",
      "name": "kms",
      "each": "list",
      "provider": "provider.aws",
      "instances": []
    },
    {
      "module": "module.main-vpc.module.main-vpc",
      "mode": "data",
      "type": "aws_vpc_endpoint_service",
      "name": "logs",
      "each": "list",
      "provider": "provider.aws",
      "instances": []
    },
    {
      "module": "module.main-vpc.module.main-vpc",
      "mode": "data",
      "type": "aws_vpc_endpoint_service",
      "name": "monitoring",
      "each": "list",
      "provider": "provider.aws",
      "instances": []
    },
    {
      "module": "module.main-vpc.module.main-vpc",
      "mode": "data",
      "type": "aws_vpc_endpoint_service",
      "name": "qldb_session",
      "each": "list",
      "provider": "provider.aws",
      "instances": []
    },
    {
      "module": "module.main-vpc.module.main-vpc",
      "mode": "data",
      "type": "aws_vpc_endpoint_service",
      "name": "rekognition",
      "each": "list",
      "provider": "provider.aws",
      "instances": []
    },
    {
      "module": "module.main-vpc.module.main-vpc",
      "mode": "data",
      "type": "aws_vpc_endpoint_service",
      "name": "s3",
      "each": "list",
      "provider": "provider.aws",
      "instances": []
    },
    {
      "module": "module.main-vpc.module.main-vpc",
      "mode": "data",
      "type": "aws_vpc_endpoint_service",
      "name": "sagemaker_api",
      "each": "list",
      "provider": "provider.aws",
      "instances": []
    },
    {
      "module": "module.main-vpc.module.main-vpc",
      "mode": "data",
      "type": "aws_vpc_endpoint_service",
      "name": "sagemaker_notebook",
      "each": "list",
      "provider": "provider.aws",
      "instances": []
    },
    {
      "module": "module.main-vpc.module.main-vpc",
      "mode": "data",
      "type": "aws_vpc_endpoint_service",
      "name": "sagemaker_runtime",
      "each": "list",
      "provider": "provider.aws",
      "instances": []
    },
    {
      "module": "module.main-vpc.module.main-vpc",
      "mode": "data",
      "type": "aws_vpc_endpoint_service",
      "name": "secretsmanager",
      "each": "list",
      "provider": "provider.aws",
      "instances": []
    },
    {
      "module": "module.main-vpc.module.main-vpc",
      "mode": "data",
      "type": "aws_vpc_endpoint_service",
      "name": "servicecatalog",
      "each": "list",
      "provider": "provider.aws",
      "instances": []
    },
    {
      "module": "module.main-vpc.module.main-vpc",
      "mode": "data",
      "type": "aws_vpc_endpoint_service",
      "name": "ses",
      "each": "list",
      "provider": "provider.aws",
      "instances": []
    },
    {
      "module": "module.main-vpc.module.main-vpc",
      "mode": "data",
      "type": "aws_vpc_endpoint_service",
      "name": "sms",
      "each": "list",
      "provider": "provider.aws",
      "instances": []
    },
    {
      "module": "module.main-vpc.module.main-vpc",
      "mode": "data",
      "type": "aws_vpc_endpoint_service",
      "name": "sns",
      "each": "list",
      "provider": "provider.aws",
      "instances": []
    },
    {
      "module": "module.main-vpc.module.main-vpc",
      "mode": "data",
      "type": "aws_vpc_endpoint_service",
      "name": "sqs",
      "each": "list",
      "provider": "provider.aws",
      "instances": []
    },
    {
      "module": "module.main-vpc.module.main-vpc",
      "mode": "data",
      "type": "aws_vpc_endpoint_service",
      "name": "ssm",
      "each": "list",
      "provider": "provider.aws",
      "instances": []
    },
    {
      "module": "module.main-vpc.module.main-vpc",
      "mode": "data",
      "type": "aws_vpc_endpoint_service",
      "name": "ssmmessages",
      "each": "list",
      "provider": "provider.aws",
      "instances": []
    },
    {
      "module": "module.main-vpc.module.main-vpc",
      "mode": "data",
      "type": "aws_vpc_endpoint_service",
      "name": "states",
      "each": "list",
      "provider": "provider.aws",
      "instances": []
    },
    {
      "module": "module.main-vpc.module.main-vpc",
      "mode": "data",
      "type": "aws_vpc_endpoint_service",
      "name": "storagegateway",
      "each": "list",
      "provider": "provider.aws",
      "instances": []
    },
    {
      "module": "module.main-vpc.module.main-vpc",
      "mode": "data",
      "type": "aws_vpc_endpoint_service",
      "name": "sts",
      "each": "list",
      "provider": "provider.aws",
      "instances": []
    },
    {
      "module": "module.main-vpc.module.main-vpc",
      "mode": "data",
      "type": "aws_vpc_endpoint_service",
      "name": "transfer",
      "each": "list",
      "provider": "provider.aws",
      "instances": []
    },
    {
      "module": "module.main-vpc.module.main-vpc",
      "mode": "data",
      "type": "aws_vpc_endpoint_service",
      "name": "transferserver",
      "each": "list",
      "provider": "provider.aws",
      "instances": []
    },
    {
      "module": "module.main-vpc.module.main-vpc",
      "mode": "data",
      "type": "aws_vpc_endpoint_service",
      "name": "workspaces",
      "each": "list",
      "provider": "provider.aws",
      "instances": []
    },
    {
      "module": "module.main-vpc.module.main-vpc",
      "mode": "managed",
      "type": "aws_cloudwatch_log_group",
      "name": "flow_log",
      "each": "list",
      "provider": "provider.aws",
      "instances": []
    },
    {
      "module": "module.main-vpc.module.main-vpc",
      "mode": "managed",
      "type": "aws_customer_gateway",
      "name": "this",
      "each": "map",
      "provider": "provider.aws",
      "instances": []
    },
    {
      "module": "module.main-vpc.module.main-vpc",
      "mode": "managed",
      "type": "aws_db_subnet_group",
      "name": "database",
      "each": "list",
      "provider": "provider.aws",
      "instances": []
    },
    {
      "module": "module.main-vpc.module.main-vpc",
      "mode": "managed",
      "type": "aws_default_network_acl",
      "name": "this",
      "each": "list",
      "provider": "provider.aws",
      "instances": []
    },
    {
      "module": "module.main-vpc.module.main-vpc",
      "mode": "managed",
      "type": "aws_default_security_group",
      "name": "this",
      "each": "list",
      "provider": "provider.aws",
      "instances": []
    },
    {
      "module": "module.main-vpc.module.main-vpc",
      "mode": "managed",
      "type": "aws_default_vpc",
      "name": "this",
      "each": "list",
      "provider": "provider.aws",
      "instances": []
    },
    {
      "module": "module.main-vpc.module.main-vpc",
      "mode": "managed",
      "type": "aws_egress_only_internet_gateway",
      "name": "this",
      "each": "list",
      "provider": "provider.aws",
      "instances": []
    },
    {
      "module": "module.main-vpc.module.main-vpc",
      "mode": "managed",
      "type": "aws_eip",
      "name": "nat",
      "each": "list",
      "provider": "provider.aws",
      "instances": []
    },
    {
      "module": "module.main-vpc.module.main-vpc",
      "mode": "managed",
      "type": "aws_elasticache_subnet_group",
      "name": "elasticache",
      "each": "list",
      "provider": "provider.aws",
      "instances": []
    },
    {
      "module": "module.main-vpc.module.main-vpc",
      "mode": "managed",
      "type": "aws_flow_log",
      "name": "this",
      "each": "list",
      "provider": "provider.aws",
      "instances": []
    },
    {
      "module": "module.main-vpc.module.main-vpc",
      "mode": "managed",
      "type": "aws_iam_policy",
      "name": "vpc_flow_log_cloudwatch",
      "each": "list",
      "provider": "provider.aws",
      "instances": []
    },
    {
      "module": "module.main-vpc.module.main-vpc",
      "mode": "managed",
      "type": "aws_iam_role",
      "name": "vpc_flow_log_cloudwatch",
      "each": "list",
      "provider": "provider.aws",
      "instances": []
    },
    {
      "module": "module.main-vpc.module.main-vpc",
      "mode": "managed",
      "type": "aws_iam_role_policy_attachment",
      "name": "vpc_flow_log_cloudwatch",
      "each": "list",
      "provider": "provider.aws",
      "instances": []
    },
    {
      "module": "module.instances",
      "mode": "managed",
      "type": "aws_instance",
      "name": "instance",
      "provider": "provider.aws",
      "instances": [
        {
          "schema_version": 1,
          "attributes": {
            "ami": "ami-01809c7b02d7ff50a",
            "arn": "arn:aws:ec2:eu-central-1:774145483743:instance/i-06557e7aa5aca6aaf",
            "associate_public_ip_address": true,
            "availability_zone": "eu-central-1a",
            "cpu_core_count": 1,
            "cpu_threads_per_core": 1,
            "credit_specification": [
              {
                "cpu_credits": "standard"
              }
            ],
            "disable_api_termination": false,
            "ebs_block_device": [],
            "ebs_optimized": false,
            "ephemeral_block_device": [],
            "get_password_data": false,
            "hibernation": false,
            "host_id": null,
            "iam_instance_profile": "",
            "id": "i-06557e7aa5aca6aaf",
            "instance_initiated_shutdown_behavior": null,
            "instance_state": "running",
            "instance_type": "t2.micro",
            "ipv6_address_count": 0,
            "ipv6_addresses": [],
            "key_name": "mykeypair-nginx-dev",
            "metadata_options": [
              {
                "http_endpoint": "enabled",
                "http_put_response_hop_limit": 1,
                "http_tokens": "optional"
              }
            ],
            "monitoring": false,
            "network_interface": [],
            "network_interface_id": null,
            "outpost_arn": "",
            "password_data": "",
            "placement_group": "",
            "primary_network_interface_id": "eni-08f813a05833b4b92",
            "private_dns": "ip-10-0-101-102.eu-central-1.compute.internal",
            "private_ip": "10.0.101.102",
            "public_dns": "",
            "public_ip": "3.120.186.127",
            "root_block_device": [
              {
                "delete_on_termination": true,
                "device_name": "/dev/sda1",
                "encrypted": false,
                "iops": 100,
                "kms_key_id": "",
                "volume_id": "vol-0cd9b5a466e90fa34",
                "volume_size": 8,
                "volume_type": "gp2"
              }
            ],
            "security_groups": [],
            "source_dest_check": true,
            "subnet_id": "subnet-0a310fbacb1ed231e",
            "tags": {
              "Application": "nginx",
              "Environmnent": "dev",
              "Name": "nginx-dev-instance"
            },
            "tenancy": "default",
            "timeouts": null,
            "user_data": "21a09213dcda8a81ff7f31c47f3d70b1a3299f64",
            "user_data_base64": null,
            "volume_tags": {},
            "vpc_security_group_ids": [
              "sg-0d008442e4af47f72",
              "sg-0e21001cd02966c71"
            ]
          },
          "private": "eyJlMmJmYjczMC1lY2FhLTExZTYtOGY4OC0zNDM2M2JjN2M0YzAiOnsiY3JlYXRlIjo2MDAwMDAwMDAwMDAsImRlbGV0ZSI6MTIwMDAwMDAwMDAwMCwidXBkYXRlIjo2MDAwMDAwMDAwMDB9LCJzY2hlbWFfdmVyc2lvbiI6IjEifQ==",
          "dependencies": [
            "module.instances.aws_key_pair.mykeypair",
            "module.instances.aws_security_group.allow-ssh",
            "module.instances.aws_security_group.nginx",
            "module.main-vpc.module.main-vpc.aws_subnet.public"
          ]
        }
      ]
    },
    {
      "module": "module.main-vpc.module.main-vpc",
      "mode": "managed",
      "type": "aws_internet_gateway",
      "name": "this",
      "each": "list",
      "provider": "provider.aws",
      "instances": [
        {
          "index_key": 0,
          "schema_version": 0,
          "attributes": {
            "arn": "arn:aws:ec2:eu-central-1:774145483743:internet-gateway/igw-03300c367e5f8d875",
            "id": "igw-03300c367e5f8d875",
            "owner_id": "774145483743",
            "tags": {
              "Application": "nginx",
              "Environment": "dev",
              "Name": "vpc-nginx-dev",
              "Terraform": "true"
            },
            "vpc_id": "vpc-0b3b67d63279a74cd"
          },
          "private": "bnVsbA==",
          "dependencies": [
            "module.main-vpc.module.main-vpc.aws_vpc.this",
            "module.main-vpc.module.main-vpc.aws_vpc_ipv4_cidr_block_association.this"
          ]
        }
      ]
    },
    {
      "module": "module.instances",
      "mode": "managed",
      "type": "aws_key_pair",
      "name": "mykeypair",
      "provider": "provider.aws",
      "instances": [
        {
          "schema_version": 1,
          "attributes": {
            "arn": "arn:aws:ec2:eu-central-1:774145483743:key-pair/mykeypair-nginx-dev",
            "fingerprint": "69:4d:f2:62:46:59:be:48:fe:e5:4b:21:b1:71:9d:fc",
            "id": "mykeypair-nginx-dev",
            "key_name": "mykeypair-nginx-dev",
            "key_name_prefix": null,
            "key_pair_id": "key-0cdb3957145c5f103",
            "public_key": "ssh-rsa AAAAB3NzaC1yc2EAAAADAQABAAABgQDvMjX6ra97UaCms/nHMKgPdyktO7AdPT49F4BKjBZXWzcWjIBij+ecH+R9mtSQrteZZawJKXyhr1RMz5N5IJ2EzGblofvSFU7kNFHV8z9raFqkgLv9aXDRfg3owVkp9SKF7/PS1ILzK6udcRCBdVIjzav3AnZcVtHLs5bKv56s8f2jK0J5orzw84OTMRTG/mbLC2lJ2kqYRLoBpulsXq3z/jKb3nKmwYhjbBBmJKtqroe5pGJYfWKFogrv9ILKknyveSXd2fBsiPwRYL4qVefsPK3QHespdhrV0FK1NwOVDBg46TEi6qkBbhwvh/alyFyQNRxBwdkXVd4OWWKtr/PmRgpXA/YKWoyDuqW5PS/8PQhLZ8RGbJi0E+w/c0C0l9WAhzf+piFO+DSu2H5UeEgt9mokbqecMvRuIzORHIfEE9BJMDjJ1ikcfb7LFmiOEQTMViJAiwMpjQwBrgUdZM1qePMqwyF4QjgNucx9m0CZ6tzAZKFKTRqIIJj1vzwumvU= Cesar@RAZERBLADE14",
            "tags": {}
          },
          "private": "eyJzY2hlbWFfdmVyc2lvbiI6IjEifQ=="
        }
      ]
    },
    {
      "module": "module.main-vpc.module.main-vpc",
      "mode": "managed",
      "type": "aws_nat_gateway",
      "name": "this",
      "each": "list",
      "provider": "provider.aws",
      "instances": []
    },
    {
      "module": "module.main-vpc.module.main-vpc",
      "mode": "managed",
      "type": "aws_network_acl",
      "name": "database",
      "each": "list",
      "provider": "provider.aws",
      "instances": []
    },
    {
      "module": "module.main-vpc.module.main-vpc",
      "mode": "managed",
      "type": "aws_network_acl",
      "name": "elasticache",
      "each": "list",
      "provider": "provider.aws",
      "instances": []
    },
    {
      "module": "module.main-vpc.module.main-vpc",
      "mode": "managed",
      "type": "aws_network_acl",
      "name": "intra",
      "each": "list",
      "provider": "provider.aws",
      "instances": []
    },
    {
      "module": "module.main-vpc.module.main-vpc",
      "mode": "managed",
      "type": "aws_network_acl",
      "name": "private",
      "each": "list",
      "provider": "provider.aws",
      "instances": []
    },
    {
      "module": "module.main-vpc.module.main-vpc",
      "mode": "managed",
      "type": "aws_network_acl",
      "name": "public",
      "each": "list",
      "provider": "provider.aws",
      "instances": []
    },
    {
      "module": "module.main-vpc.module.main-vpc",
      "mode": "managed",
      "type": "aws_network_acl",
      "name": "redshift",
      "each": "list",
      "provider": "provider.aws",
      "instances": []
    },
    {
      "module": "module.main-vpc.module.main-vpc",
      "mode": "managed",
      "type": "aws_network_acl_rule",
      "name": "database_inbound",
      "each": "list",
      "provider": "provider.aws",
      "instances": []
    },
    {
      "module": "module.main-vpc.module.main-vpc",
      "mode": "managed",
      "type": "aws_network_acl_rule",
      "name": "database_outbound",
      "each": "list",
      "provider": "provider.aws",
      "instances": []
    },
    {
      "module": "module.main-vpc.module.main-vpc",
      "mode": "managed",
      "type": "aws_network_acl_rule",
      "name": "elasticache_inbound",
      "each": "list",
      "provider": "provider.aws",
      "instances": []
    },
    {
      "module": "module.main-vpc.module.main-vpc",
      "mode": "managed",
      "type": "aws_network_acl_rule",
      "name": "elasticache_outbound",
      "each": "list",
      "provider": "provider.aws",
      "instances": []
    },
    {
      "module": "module.main-vpc.module.main-vpc",
      "mode": "managed",
      "type": "aws_network_acl_rule",
      "name": "intra_inbound",
      "each": "list",
      "provider": "provider.aws",
      "instances": []
    },
    {
      "module": "module.main-vpc.module.main-vpc",
      "mode": "managed",
      "type": "aws_network_acl_rule",
      "name": "intra_outbound",
      "each": "list",
      "provider": "provider.aws",
      "instances": []
    },
    {
      "module": "module.main-vpc.module.main-vpc",
      "mode": "managed",
      "type": "aws_network_acl_rule",
      "name": "private_inbound",
      "each": "list",
      "provider": "provider.aws",
      "instances": []
    },
    {
      "module": "module.main-vpc.module.main-vpc",
      "mode": "managed",
      "type": "aws_network_acl_rule",
      "name": "private_outbound",
      "each": "list",
      "provider": "provider.aws",
      "instances": []
    },
    {
      "module": "module.main-vpc.module.main-vpc",
      "mode": "managed",
      "type": "aws_network_acl_rule",
      "name": "public_inbound",
      "each": "list",
      "provider": "provider.aws",
      "instances": []
    },
    {
      "module": "module.main-vpc.module.main-vpc",
      "mode": "managed",
      "type": "aws_network_acl_rule",
      "name": "public_outbound",
      "each": "list",
      "provider": "provider.aws",
      "instances": []
    },
    {
      "module": "module.main-vpc.module.main-vpc",
      "mode": "managed",
      "type": "aws_network_acl_rule",
      "name": "redshift_inbound",
      "each": "list",
      "provider": "provider.aws",
      "instances": []
    },
    {
      "module": "module.main-vpc.module.main-vpc",
      "mode": "managed",
      "type": "aws_network_acl_rule",
      "name": "redshift_outbound",
      "each": "list",
      "provider": "provider.aws",
      "instances": []
    },
    {
      "module": "module.main-vpc.module.main-vpc",
      "mode": "managed",
      "type": "aws_redshift_subnet_group",
      "name": "redshift",
      "each": "list",
      "provider": "provider.aws",
      "instances": []
    },
    {
      "module": "module.main-vpc.module.main-vpc",
      "mode": "managed",
      "type": "aws_route",
      "name": "database_internet_gateway",
      "each": "list",
      "provider": "provider.aws",
      "instances": []
    },
    {
      "module": "module.main-vpc.module.main-vpc",
      "mode": "managed",
      "type": "aws_route",
      "name": "database_ipv6_egress",
      "each": "list",
      "provider": "provider.aws",
      "instances": []
    },
    {
      "module": "module.main-vpc.module.main-vpc",
      "mode": "managed",
      "type": "aws_route",
      "name": "database_nat_gateway",
      "each": "list",
      "provider": "provider.aws",
      "instances": []
    },
    {
      "module": "module.main-vpc.module.main-vpc",
      "mode": "managed",
      "type": "aws_route",
      "name": "private_ipv6_egress",
      "each": "list",
      "provider": "provider.aws",
      "instances": []
    },
    {
      "module": "module.main-vpc.module.main-vpc",
      "mode": "managed",
      "type": "aws_route",
      "name": "private_nat_gateway",
      "each": "list",
      "provider": "provider.aws",
      "instances": []
    },
    {
      "module": "module.main-vpc.module.main-vpc",
      "mode": "managed",
      "type": "aws_route",
      "name": "public_internet_gateway",
      "each": "list",
      "provider": "provider.aws",
      "instances": [
        {
          "index_key": 0,
          "schema_version": 0,
          "attributes": {
            "destination_cidr_block": "0.0.0.0/0",
            "destination_ipv6_cidr_block": "",
            "destination_prefix_list_id": "",
            "egress_only_gateway_id": "",
            "gateway_id": "igw-03300c367e5f8d875",
            "id": "r-rtb-08620e978831f14d21080289494",
            "instance_id": "",
            "instance_owner_id": "",
            "nat_gateway_id": "",
            "network_interface_id": "",
            "origin": "CreateRoute",
            "route_table_id": "rtb-08620e978831f14d2",
            "state": "active",
            "timeouts": {
              "create": "5m",
              "delete": null
            },
            "transit_gateway_id": "",
            "vpc_peering_connection_id": ""
          },
          "private": "eyJlMmJmYjczMC1lY2FhLTExZTYtOGY4OC0zNDM2M2JjN2M0YzAiOnsiY3JlYXRlIjozMDAwMDAwMDAwMDAsImRlbGV0ZSI6MzAwMDAwMDAwMDAwfX0=",
          "dependencies": [
            "module.main-vpc.module.main-vpc.aws_internet_gateway.this",
            "module.main-vpc.module.main-vpc.aws_route_table.public",
            "module.main-vpc.module.main-vpc.aws_vpc.this",
            "module.main-vpc.module.main-vpc.aws_vpc_ipv4_cidr_block_association.this"
          ]
        }
      ]
    },
    {
      "module": "module.main-vpc.module.main-vpc",
      "mode": "managed",
      "type": "aws_route",
      "name": "public_internet_gateway_ipv6",
      "each": "list",
      "provider": "provider.aws",
      "instances": []
    },
    {
      "module": "module.main-vpc.module.main-vpc",
      "mode": "managed",
      "type": "aws_route_table",
      "name": "database",
      "each": "list",
      "provider": "provider.aws",
      "instances": []
    },
    {
      "module": "module.main-vpc.module.main-vpc",
      "mode": "managed",
      "type": "aws_route_table",
      "name": "elasticache",
      "each": "list",
      "provider": "provider.aws",
      "instances": []
    },
    {
      "module": "module.main-vpc.module.main-vpc",
      "mode": "managed",
      "type": "aws_route_table",
      "name": "intra",
      "each": "list",
      "provider": "provider.aws",
      "instances": []
    },
    {
      "module": "module.main-vpc.module.main-vpc",
      "mode": "managed",
      "type": "aws_route_table",
      "name": "private",
      "each": "list",
      "provider": "provider.aws",
      "instances": [
        {
          "index_key": 0,
          "schema_version": 0,
          "attributes": {
            "id": "rtb-04a88b15ceb2a0dd4",
            "owner_id": "774145483743",
            "propagating_vgws": [],
            "route": [],
            "tags": {
              "Application": "nginx",
              "Environment": "dev",
              "Name": "vpc-nginx-dev-private-eu-central-1a",
              "Terraform": "true"
            },
            "vpc_id": "vpc-0b3b67d63279a74cd"
          },
          "private": "bnVsbA==",
          "dependencies": [
            "module.main-vpc.module.main-vpc.aws_vpc.this",
            "module.main-vpc.module.main-vpc.aws_vpc_ipv4_cidr_block_association.this"
          ]
        },
        {
          "index_key": 1,
          "schema_version": 0,
          "attributes": {
            "id": "rtb-033c8d0594168b5fe",
            "owner_id": "774145483743",
            "propagating_vgws": [],
            "route": [],
            "tags": {
              "Application": "nginx",
              "Environment": "dev",
              "Name": "vpc-nginx-dev-private-eu-central-1b",
              "Terraform": "true"
            },
            "vpc_id": "vpc-0b3b67d63279a74cd"
          },
          "private": "bnVsbA==",
          "dependencies": [
            "module.main-vpc.module.main-vpc.aws_vpc.this",
            "module.main-vpc.module.main-vpc.aws_vpc_ipv4_cidr_block_association.this"
          ]
        },
        {
          "index_key": 2,
          "schema_version": 0,
          "attributes": {
            "id": "rtb-085a244c3615fe76e",
            "owner_id": "774145483743",
            "propagating_vgws": [],
            "route": [],
            "tags": {
              "Application": "nginx",
              "Environment": "dev",
              "Name": "vpc-nginx-dev-private-eu-central-1c",
              "Terraform": "true"
            },
            "vpc_id": "vpc-0b3b67d63279a74cd"
          },
          "private": "bnVsbA==",
          "dependencies": [
            "module.main-vpc.module.main-vpc.aws_vpc.this",
            "module.main-vpc.module.main-vpc.aws_vpc_ipv4_cidr_block_association.this"
          ]
        }
      ]
    },
    {
      "module": "module.main-vpc.module.main-vpc",
      "mode": "managed",
      "type": "aws_route_table",
      "name": "public",
      "each": "list",
      "provider": "provider.aws",
      "instances": [
        {
          "index_key": 0,
          "schema_version": 0,
          "attributes": {
            "id": "rtb-08620e978831f14d2",
            "owner_id": "774145483743",
            "propagating_vgws": [],
            "route": [
              {
                "cidr_block": "0.0.0.0/0",
                "egress_only_gateway_id": "",
                "gateway_id": "igw-03300c367e5f8d875",
                "instance_id": "",
                "ipv6_cidr_block": "",
                "nat_gateway_id": "",
                "network_interface_id": "",
                "transit_gateway_id": "",
                "vpc_peering_connection_id": ""
              }
            ],
            "tags": {
              "Application": "nginx",
              "Environment": "dev",
              "Name": "vpc-nginx-dev-public",
              "Terraform": "true"
            },
            "vpc_id": "vpc-0b3b67d63279a74cd"
          },
          "private": "bnVsbA==",
          "dependencies": [
            "module.main-vpc.module.main-vpc.aws_vpc.this",
            "module.main-vpc.module.main-vpc.aws_vpc_ipv4_cidr_block_association.this"
          ]
        }
      ]
    },
    {
      "module": "module.main-vpc.module.main-vpc",
      "mode": "managed",
      "type": "aws_route_table",
      "name": "redshift",
      "each": "list",
      "provider": "provider.aws",
      "instances": []
    },
    {
      "module": "module.main-vpc.module.main-vpc",
      "mode": "managed",
      "type": "aws_route_table_association",
      "name": "database",
      "each": "list",
      "provider": "provider.aws",
      "instances": []
    },
    {
      "module": "module.main-vpc.module.main-vpc",
      "mode": "managed",
      "type": "aws_route_table_association",
      "name": "elasticache",
      "each": "list",
      "provider": "provider.aws",
      "instances": []
    },
    {
      "module": "module.main-vpc.module.main-vpc",
      "mode": "managed",
      "type": "aws_route_table_association",
      "name": "intra",
      "each": "list",
      "provider": "provider.aws",
      "instances": []
    },
    {
      "module": "module.main-vpc.module.main-vpc",
      "mode": "managed",
      "type": "aws_route_table_association",
      "name": "private",
      "each": "list",
      "provider": "provider.aws",
      "instances": [
        {
          "index_key": 0,
          "schema_version": 0,
          "attributes": {
            "gateway_id": null,
            "id": "rtbassoc-0b52b13c26203a2ee",
            "route_table_id": "rtb-04a88b15ceb2a0dd4",
            "subnet_id": "subnet-0abbb76c96b62ebdd"
          },
          "private": "bnVsbA==",
          "dependencies": [
            "module.main-vpc.module.main-vpc.aws_route_table.private",
            "module.main-vpc.module.main-vpc.aws_subnet.private",
            "module.main-vpc.module.main-vpc.aws_vpc.this",
            "module.main-vpc.module.main-vpc.aws_vpc_ipv4_cidr_block_association.this"
          ]
        },
        {
          "index_key": 1,
          "schema_version": 0,
          "attributes": {
            "gateway_id": null,
            "id": "rtbassoc-071281dbef37c20da",
            "route_table_id": "rtb-033c8d0594168b5fe",
            "subnet_id": "subnet-0eb208bc1dbb617b6"
          },
          "private": "bnVsbA==",
          "dependencies": [
            "module.main-vpc.module.main-vpc.aws_route_table.private",
            "module.main-vpc.module.main-vpc.aws_subnet.private",
            "module.main-vpc.module.main-vpc.aws_vpc.this",
            "module.main-vpc.module.main-vpc.aws_vpc_ipv4_cidr_block_association.this"
          ]
        },
        {
          "index_key": 2,
          "schema_version": 0,
          "attributes": {
            "gateway_id": null,
            "id": "rtbassoc-0f48ac3b2bf768647",
            "route_table_id": "rtb-085a244c3615fe76e",
            "subnet_id": "subnet-026c97baaf908e04c"
          },
          "private": "bnVsbA==",
          "dependencies": [
            "module.main-vpc.module.main-vpc.aws_route_table.private",
            "module.main-vpc.module.main-vpc.aws_subnet.private",
            "module.main-vpc.module.main-vpc.aws_vpc.this",
            "module.main-vpc.module.main-vpc.aws_vpc_ipv4_cidr_block_association.this"
          ]
        }
      ]
    },
    {
      "module": "module.main-vpc.module.main-vpc",
      "mode": "managed",
      "type": "aws_route_table_association",
      "name": "public",
      "each": "list",
      "provider": "provider.aws",
      "instances": [
        {
          "index_key": 0,
          "schema_version": 0,
          "attributes": {
            "gateway_id": null,
            "id": "rtbassoc-02085fc911a2cd608",
            "route_table_id": "rtb-08620e978831f14d2",
            "subnet_id": "subnet-0a310fbacb1ed231e"
          },
          "private": "bnVsbA==",
          "dependencies": [
            "module.main-vpc.module.main-vpc.aws_route_table.public",
            "module.main-vpc.module.main-vpc.aws_subnet.public",
            "module.main-vpc.module.main-vpc.aws_vpc.this",
            "module.main-vpc.module.main-vpc.aws_vpc_ipv4_cidr_block_association.this"
          ]
        },
        {
          "index_key": 1,
          "schema_version": 0,
          "attributes": {
            "gateway_id": null,
            "id": "rtbassoc-0b6f0b66a9793847b",
            "route_table_id": "rtb-08620e978831f14d2",
            "subnet_id": "subnet-0b4d4243a6dae155d"
          },
          "private": "bnVsbA==",
          "dependencies": [
            "module.main-vpc.module.main-vpc.aws_route_table.public",
            "module.main-vpc.module.main-vpc.aws_subnet.public",
            "module.main-vpc.module.main-vpc.aws_vpc.this",
            "module.main-vpc.module.main-vpc.aws_vpc_ipv4_cidr_block_association.this"
          ]
        },
        {
          "index_key": 2,
          "schema_version": 0,
          "attributes": {
            "gateway_id": null,
            "id": "rtbassoc-08086864660bb42f3",
            "route_table_id": "rtb-08620e978831f14d2",
            "subnet_id": "subnet-0c3693a35853606ea"
          },
          "private": "bnVsbA==",
          "dependencies": [
            "module.main-vpc.module.main-vpc.aws_route_table.public",
            "module.main-vpc.module.main-vpc.aws_subnet.public",
            "module.main-vpc.module.main-vpc.aws_vpc.this",
            "module.main-vpc.module.main-vpc.aws_vpc_ipv4_cidr_block_association.this"
          ]
        }
      ]
    },
    {
      "module": "module.main-vpc.module.main-vpc",
      "mode": "managed",
      "type": "aws_route_table_association",
      "name": "redshift",
      "each": "list",
      "provider": "provider.aws",
      "instances": []
    },
    {
      "module": "module.main-vpc.module.main-vpc",
      "mode": "managed",
      "type": "aws_route_table_association",
      "name": "redshift_public",
      "each": "list",
      "provider": "provider.aws",
      "instances": []
    },
    {
      "mode": "managed",
      "type": "aws_s3_bucket",
      "name": "terraform-state",
      "provider": "provider.aws",
      "instances": [
        {
          "schema_version": 0,
          "attributes": {
            "acceleration_status": "",
            "acl": "private",
            "arn": "arn:aws:s3:::terraform-state-nginx-dev-a286129",
            "bucket": "terraform-state-nginx-dev-a286129",
            "bucket_domain_name": "terraform-state-nginx-dev-a286129.s3.amazonaws.com",
            "bucket_prefix": null,
            "bucket_regional_domain_name": "terraform-state-nginx-dev-a286129.s3.eu-central-1.amazonaws.com",
            "cors_rule": [],
            "force_destroy": true,
            "grant": [],
            "hosted_zone_id": "Z21DNDUVLTQW6Q",
            "id": "terraform-state-nginx-dev-a286129",
            "lifecycle_rule": [],
            "logging": [],
            "object_lock_configuration": [],
            "policy": null,
            "region": "eu-central-1",
            "replication_configuration": [],
            "request_payer": "BucketOwner",
            "server_side_encryption_configuration": [],
            "tags": {
              "Name": "Terraform state"
            },
            "versioning": [
              {
                "enabled": true,
                "mfa_delete": false
              }
            ],
            "website": [],
            "website_domain": null,
            "website_endpoint": null
          },
          "private": "bnVsbA=="
        }
      ]
    },
    {
      "module": "module.instances",
      "mode": "managed",
      "type": "aws_security_group",
      "name": "allow-ssh",
      "provider": "provider.aws",
      "instances": [
        {
          "schema_version": 1,
          "attributes": {
            "arn": "arn:aws:ec2:eu-central-1:774145483743:security-group/sg-0e21001cd02966c71",
            "description": "security group that allows ssh and all egress traffic",
            "egress": [
              {
                "cidr_blocks": [
                  "0.0.0.0/0"
                ],
                "description": "",
                "from_port": 0,
                "ipv6_cidr_blocks": [],
                "prefix_list_ids": [],
                "protocol": "-1",
                "security_groups": [],
                "self": false,
                "to_port": 0
              }
            ],
            "id": "sg-0e21001cd02966c71",
            "ingress": [
              {
                "cidr_blocks": [
                  "0.0.0.0/0"
                ],
                "description": "",
                "from_port": 22,
                "ipv6_cidr_blocks": [],
                "prefix_list_ids": [],
                "protocol": "tcp",
                "security_groups": [],
                "self": false,
                "to_port": 22
              }
            ],
            "name": "allow-ssh-dev",
            "name_prefix": null,
            "owner_id": "774145483743",
            "revoke_rules_on_delete": false,
            "tags": {
              "Environmnent": "dev",
              "Name": "allow-ssh"
            },
            "timeouts": null,
            "vpc_id": "vpc-0b3b67d63279a74cd"
          },
          "private": "eyJlMmJmYjczMC1lY2FhLTExZTYtOGY4OC0zNDM2M2JjN2M0YzAiOnsiY3JlYXRlIjo2MDAwMDAwMDAwMDAsImRlbGV0ZSI6NjAwMDAwMDAwMDAwfSwic2NoZW1hX3ZlcnNpb24iOiIxIn0=",
          "dependencies": [
            "module.main-vpc.module.main-vpc.aws_vpc.this"
          ]
        }
      ]
    },
    {
      "module": "module.instances",
      "mode": "managed",
      "type": "aws_security_group",
      "name": "nginx",
      "provider": "provider.aws",
      "instances": [
        {
          "schema_version": 1,
          "attributes": {
            "arn": "arn:aws:ec2:eu-central-1:774145483743:security-group/sg-0d008442e4af47f72",
            "description": "security group that allows web traffic for nginx",
            "egress": [
              {
                "cidr_blocks": [
                  "0.0.0.0/0"
                ],
                "description": "",
                "from_port": 0,
                "ipv6_cidr_blocks": [],
                "prefix_list_ids": [],
                "protocol": "-1",
                "security_groups": [],
                "self": false,
                "to_port": 0
              }
            ],
            "id": "sg-0d008442e4af47f72",
            "ingress": [
              {
                "cidr_blocks": [
                  "0.0.0.0/0"
                ],
                "description": "",
                "from_port": 80,
                "ipv6_cidr_blocks": [],
                "prefix_list_ids": [],
                "protocol": "tcp",
                "security_groups": [],
                "self": false,
                "to_port": 80
              }
            ],
            "name": "nginx-dev",
            "name_prefix": null,
            "owner_id": "774145483743",
            "revoke_rules_on_delete": false,
            "tags": {
              "Environmnent": "dev",
              "Name": "nginx"
            },
            "timeouts": null,
            "vpc_id": "vpc-0b3b67d63279a74cd"
          },
          "private": "eyJlMmJmYjczMC1lY2FhLTExZTYtOGY4OC0zNDM2M2JjN2M0YzAiOnsiY3JlYXRlIjo2MDAwMDAwMDAwMDAsImRlbGV0ZSI6NjAwMDAwMDAwMDAwfSwic2NoZW1hX3ZlcnNpb24iOiIxIn0=",
          "dependencies": [
            "module.main-vpc.module.main-vpc.aws_vpc.this"
          ]
        }
      ]
    },
    {
      "module": "module.main-vpc.module.main-vpc",
      "mode": "managed",
      "type": "aws_subnet",
      "name": "database",
      "each": "list",
      "provider": "provider.aws",
      "instances": []
    },
    {
      "module": "module.main-vpc.module.main-vpc",
      "mode": "managed",
      "type": "aws_subnet",
      "name": "elasticache",
      "each": "list",
      "provider": "provider.aws",
      "instances": []
    },
    {
      "module": "module.main-vpc.module.main-vpc",
      "mode": "managed",
      "type": "aws_subnet",
      "name": "intra",
      "each": "list",
      "provider": "provider.aws",
      "instances": []
    },
    {
      "module": "module.main-vpc.module.main-vpc",
      "mode": "managed",
      "type": "aws_subnet",
      "name": "private",
      "each": "list",
      "provider": "provider.aws",
      "instances": [
        {
          "index_key": 0,
          "schema_version": 1,
          "attributes": {
            "arn": "arn:aws:ec2:eu-central-1:774145483743:subnet/subnet-0abbb76c96b62ebdd",
            "assign_ipv6_address_on_creation": false,
            "availability_zone": "eu-central-1a",
            "availability_zone_id": "euc1-az2",
            "cidr_block": "10.0.1.0/24",
            "id": "subnet-0abbb76c96b62ebdd",
            "ipv6_cidr_block": "",
            "ipv6_cidr_block_association_id": "",
            "map_public_ip_on_launch": false,
            "outpost_arn": "",
            "owner_id": "774145483743",
            "tags": {
              "Application": "nginx",
              "Environment": "dev",
              "Name": "vpc-nginx-dev-private-eu-central-1a",
              "Terraform": "true"
            },
            "timeouts": null,
            "vpc_id": "vpc-0b3b67d63279a74cd"
          },
          "private": "eyJlMmJmYjczMC1lY2FhLTExZTYtOGY4OC0zNDM2M2JjN2M0YzAiOnsiY3JlYXRlIjo2MDAwMDAwMDAwMDAsImRlbGV0ZSI6MTIwMDAwMDAwMDAwMH0sInNjaGVtYV92ZXJzaW9uIjoiMSJ9",
          "dependencies": [
            "module.main-vpc.module.main-vpc.aws_vpc.this",
            "module.main-vpc.module.main-vpc.aws_vpc_ipv4_cidr_block_association.this"
          ]
        },
        {
          "index_key": 1,
          "schema_version": 1,
          "attributes": {
            "arn": "arn:aws:ec2:eu-central-1:774145483743:subnet/subnet-0eb208bc1dbb617b6",
            "assign_ipv6_address_on_creation": false,
            "availability_zone": "eu-central-1b",
            "availability_zone_id": "euc1-az3",
            "cidr_block": "10.0.2.0/24",
            "id": "subnet-0eb208bc1dbb617b6",
            "ipv6_cidr_block": "",
            "ipv6_cidr_block_association_id": "",
            "map_public_ip_on_launch": false,
            "outpost_arn": "",
            "owner_id": "774145483743",
            "tags": {
              "Application": "nginx",
              "Environment": "dev",
              "Name": "vpc-nginx-dev-private-eu-central-1b",
              "Terraform": "true"
            },
            "timeouts": null,
            "vpc_id": "vpc-0b3b67d63279a74cd"
          },
          "private": "eyJlMmJmYjczMC1lY2FhLTExZTYtOGY4OC0zNDM2M2JjN2M0YzAiOnsiY3JlYXRlIjo2MDAwMDAwMDAwMDAsImRlbGV0ZSI6MTIwMDAwMDAwMDAwMH0sInNjaGVtYV92ZXJzaW9uIjoiMSJ9",
          "dependencies": [
            "module.main-vpc.module.main-vpc.aws_vpc.this",
            "module.main-vpc.module.main-vpc.aws_vpc_ipv4_cidr_block_association.this"
          ]
        },
        {
          "index_key": 2,
          "schema_version": 1,
          "attributes": {
            "arn": "arn:aws:ec2:eu-central-1:774145483743:subnet/subnet-026c97baaf908e04c",
            "assign_ipv6_address_on_creation": false,
            "availability_zone": "eu-central-1c",
            "availability_zone_id": "euc1-az1",
            "cidr_block": "10.0.3.0/24",
            "id": "subnet-026c97baaf908e04c",
            "ipv6_cidr_block": "",
            "ipv6_cidr_block_association_id": "",
            "map_public_ip_on_launch": false,
            "outpost_arn": "",
            "owner_id": "774145483743",
            "tags": {
              "Application": "nginx",
              "Environment": "dev",
              "Name": "vpc-nginx-dev-private-eu-central-1c",
              "Terraform": "true"
            },
            "timeouts": null,
            "vpc_id": "vpc-0b3b67d63279a74cd"
          },
          "private": "eyJlMmJmYjczMC1lY2FhLTExZTYtOGY4OC0zNDM2M2JjN2M0YzAiOnsiY3JlYXRlIjo2MDAwMDAwMDAwMDAsImRlbGV0ZSI6MTIwMDAwMDAwMDAwMH0sInNjaGVtYV92ZXJzaW9uIjoiMSJ9",
          "dependencies": [
            "module.main-vpc.module.main-vpc.aws_vpc.this",
            "module.main-vpc.module.main-vpc.aws_vpc_ipv4_cidr_block_association.this"
          ]
        }
      ]
    },
    {
      "module": "module.main-vpc.module.main-vpc",
      "mode": "managed",
      "type": "aws_subnet",
      "name": "public",
      "each": "list",
      "provider": "provider.aws",
      "instances": [
        {
          "index_key": 0,
          "schema_version": 1,
          "attributes": {
            "arn": "arn:aws:ec2:eu-central-1:774145483743:subnet/subnet-0a310fbacb1ed231e",
            "assign_ipv6_address_on_creation": false,
            "availability_zone": "eu-central-1a",
            "availability_zone_id": "euc1-az2",
            "cidr_block": "10.0.101.0/24",
            "id": "subnet-0a310fbacb1ed231e",
            "ipv6_cidr_block": "",
            "ipv6_cidr_block_association_id": "",
            "map_public_ip_on_launch": true,
            "outpost_arn": "",
            "owner_id": "774145483743",
            "tags": {
              "Application": "nginx",
              "Environment": "dev",
              "Name": "vpc-nginx-dev-public-eu-central-1a",
              "Terraform": "true"
            },
            "timeouts": null,
            "vpc_id": "vpc-0b3b67d63279a74cd"
          },
          "private": "eyJlMmJmYjczMC1lY2FhLTExZTYtOGY4OC0zNDM2M2JjN2M0YzAiOnsiY3JlYXRlIjo2MDAwMDAwMDAwMDAsImRlbGV0ZSI6MTIwMDAwMDAwMDAwMH0sInNjaGVtYV92ZXJzaW9uIjoiMSJ9",
          "dependencies": [
            "module.main-vpc.module.main-vpc.aws_vpc.this",
            "module.main-vpc.module.main-vpc.aws_vpc_ipv4_cidr_block_association.this"
          ]
        },
        {
          "index_key": 1,
          "schema_version": 1,
          "attributes": {
            "arn": "arn:aws:ec2:eu-central-1:774145483743:subnet/subnet-0b4d4243a6dae155d",
            "assign_ipv6_address_on_creation": false,
            "availability_zone": "eu-central-1b",
            "availability_zone_id": "euc1-az3",
            "cidr_block": "10.0.102.0/24",
            "id": "subnet-0b4d4243a6dae155d",
            "ipv6_cidr_block": "",
            "ipv6_cidr_block_association_id": "",
            "map_public_ip_on_launch": true,
            "outpost_arn": "",
            "owner_id": "774145483743",
            "tags": {
              "Application": "nginx",
              "Environment": "dev",
              "Name": "vpc-nginx-dev-public-eu-central-1b",
              "Terraform": "true"
            },
            "timeouts": null,
            "vpc_id": "vpc-0b3b67d63279a74cd"
          },
          "private": "eyJlMmJmYjczMC1lY2FhLTExZTYtOGY4OC0zNDM2M2JjN2M0YzAiOnsiY3JlYXRlIjo2MDAwMDAwMDAwMDAsImRlbGV0ZSI6MTIwMDAwMDAwMDAwMH0sInNjaGVtYV92ZXJzaW9uIjoiMSJ9",
          "dependencies": [
            "module.main-vpc.module.main-vpc.aws_vpc.this",
            "module.main-vpc.module.main-vpc.aws_vpc_ipv4_cidr_block_association.this"
          ]
        },
        {
          "index_key": 2,
          "schema_version": 1,
          "attributes": {
            "arn": "arn:aws:ec2:eu-central-1:774145483743:subnet/subnet-0c3693a35853606ea",
            "assign_ipv6_address_on_creation": false,
            "availability_zone": "eu-central-1c",
            "availability_zone_id": "euc1-az1",
            "cidr_block": "10.0.103.0/24",
            "id": "subnet-0c3693a35853606ea",
            "ipv6_cidr_block": "",
            "ipv6_cidr_block_association_id": "",
            "map_public_ip_on_launch": true,
            "outpost_arn": "",
            "owner_id": "774145483743",
            "tags": {
              "Application": "nginx",
              "Environment": "dev",
              "Name": "vpc-nginx-dev-public-eu-central-1c",
              "Terraform": "true"
            },
            "timeouts": null,
            "vpc_id": "vpc-0b3b67d63279a74cd"
          },
          "private": "eyJlMmJmYjczMC1lY2FhLTExZTYtOGY4OC0zNDM2M2JjN2M0YzAiOnsiY3JlYXRlIjo2MDAwMDAwMDAwMDAsImRlbGV0ZSI6MTIwMDAwMDAwMDAwMH0sInNjaGVtYV92ZXJzaW9uIjoiMSJ9",
          "dependencies": [
            "module.main-vpc.module.main-vpc.aws_vpc.this",
            "module.main-vpc.module.main-vpc.aws_vpc_ipv4_cidr_block_association.this"
          ]
        }
      ]
    },
    {
      "module": "module.main-vpc.module.main-vpc",
      "mode": "managed",
      "type": "aws_subnet",
      "name": "redshift",
      "each": "list",
      "provider": "provider.aws",
      "instances": []
    },
    {
      "module": "module.main-vpc.module.main-vpc",
      "mode": "managed",
      "type": "aws_vpc",
      "name": "this",
      "each": "list",
      "provider": "provider.aws",
      "instances": [
        {
          "index_key": 0,
          "schema_version": 1,
          "attributes": {
            "arn": "arn:aws:ec2:eu-central-1:774145483743:vpc/vpc-0b3b67d63279a74cd",
            "assign_generated_ipv6_cidr_block": false,
            "cidr_block": "10.0.0.0/16",
            "default_network_acl_id": "acl-014faffa5a25573b7",
            "default_route_table_id": "rtb-01a3eeef05a76e37f",
            "default_security_group_id": "sg-0f7aab420fd8653be",
            "dhcp_options_id": "dopt-3b11ca51",
            "enable_classiclink": null,
            "enable_classiclink_dns_support": null,
            "enable_dns_hostnames": false,
            "enable_dns_support": true,
            "id": "vpc-0b3b67d63279a74cd",
            "instance_tenancy": "default",
            "ipv6_association_id": "",
            "ipv6_cidr_block": "",
            "main_route_table_id": "rtb-01a3eeef05a76e37f",
            "owner_id": "774145483743",
            "tags": {
              "Application": "nginx",
              "Environment": "dev",
              "Name": "vpc-nginx-dev",
              "Terraform": "true"
            }
          },
          "private": "eyJzY2hlbWFfdmVyc2lvbiI6IjEifQ=="
        }
      ]
    },
    {
      "module": "module.main-vpc.module.main-vpc",
      "mode": "managed",
      "type": "aws_vpc_dhcp_options",
      "name": "this",
      "each": "list",
      "provider": "provider.aws",
      "instances": []
    },
    {
      "module": "module.main-vpc.module.main-vpc",
      "mode": "managed",
      "type": "aws_vpc_dhcp_options_association",
      "name": "this",
      "each": "list",
      "provider": "provider.aws",
      "instances": []
    },
    {
      "module": "module.main-vpc.module.main-vpc",
      "mode": "managed",
      "type": "aws_vpc_endpoint",
      "name": "access_analyzer",
      "each": "list",
      "provider": "provider.aws",
      "instances": []
    },
    {
      "module": "module.main-vpc.module.main-vpc",
      "mode": "managed",
      "type": "aws_vpc_endpoint",
      "name": "acm_pca",
      "each": "list",
      "provider": "provider.aws",
      "instances": []
    },
    {
      "module": "module.main-vpc.module.main-vpc",
      "mode": "managed",
      "type": "aws_vpc_endpoint",
      "name": "apigw",
      "each": "list",
      "provider": "provider.aws",
      "instances": []
    },
    {
      "module": "module.main-vpc.module.main-vpc",
      "mode": "managed",
      "type": "aws_vpc_endpoint",
      "name": "appmesh_envoy_management",
      "each": "list",
      "provider": "provider.aws",
      "instances": []
    },
    {
      "module": "module.main-vpc.module.main-vpc",
      "mode": "managed",
      "type": "aws_vpc_endpoint",
      "name": "appstream",
      "each": "list",
      "provider": "provider.aws",
      "instances": []
    },
    {
      "module": "module.main-vpc.module.main-vpc",
      "mode": "managed",
      "type": "aws_vpc_endpoint",
      "name": "athena",
      "each": "list",
      "provider": "provider.aws",
      "instances": []
    },
    {
      "module": "module.main-vpc.module.main-vpc",
      "mode": "managed",
      "type": "aws_vpc_endpoint",
      "name": "auto_scaling_plans",
      "each": "list",
      "provider": "provider.aws",
      "instances": []
    },
    {
      "module": "module.main-vpc.module.main-vpc",
      "mode": "managed",
      "type": "aws_vpc_endpoint",
      "name": "cloud_directory",
      "each": "list",
      "provider": "provider.aws",
      "instances": []
    },
    {
      "module": "module.main-vpc.module.main-vpc",
      "mode": "managed",
      "type": "aws_vpc_endpoint",
      "name": "cloudformation",
      "each": "list",
      "provider": "provider.aws",
      "instances": []
    },
    {
      "module": "module.main-vpc.module.main-vpc",
      "mode": "managed",
      "type": "aws_vpc_endpoint",
      "name": "cloudtrail",
      "each": "list",
      "provider": "provider.aws",
      "instances": []
    },
    {
      "module": "module.main-vpc.module.main-vpc",
      "mode": "managed",
      "type": "aws_vpc_endpoint",
      "name": "codebuild",
      "each": "list",
      "provider": "provider.aws",
      "instances": []
    },
    {
      "module": "module.main-vpc.module.main-vpc",
      "mode": "managed",
      "type": "aws_vpc_endpoint",
      "name": "codecommit",
      "each": "list",
      "provider": "provider.aws",
      "instances": []
    },
    {
      "module": "module.main-vpc.module.main-vpc",
      "mode": "managed",
      "type": "aws_vpc_endpoint",
      "name": "codepipeline",
      "each": "list",
      "provider": "provider.aws",
      "instances": []
    },
    {
      "module": "module.main-vpc.module.main-vpc",
      "mode": "managed",
      "type": "aws_vpc_endpoint",
      "name": "config",
      "each": "list",
      "provider": "provider.aws",
      "instances": []
    },
    {
      "module": "module.main-vpc.module.main-vpc",
      "mode": "managed",
      "type": "aws_vpc_endpoint",
      "name": "datasync",
      "each": "list",
      "provider": "provider.aws",
      "instances": []
    },
    {
      "module": "module.main-vpc.module.main-vpc",
      "mode": "managed",
      "type": "aws_vpc_endpoint",
      "name": "dynamodb",
      "each": "list",
      "provider": "provider.aws",
      "instances": []
    },
    {
      "module": "module.main-vpc.module.main-vpc",
      "mode": "managed",
      "type": "aws_vpc_endpoint",
      "name": "ebs",
      "each": "list",
      "provider": "provider.aws",
      "instances": []
    },
    {
      "module": "module.main-vpc.module.main-vpc",
      "mode": "managed",
      "type": "aws_vpc_endpoint",
      "name": "ec2",
      "each": "list",
      "provider": "provider.aws",
      "instances": []
    },
    {
      "module": "module.main-vpc.module.main-vpc",
      "mode": "managed",
      "type": "aws_vpc_endpoint",
      "name": "ec2_autoscaling",
      "each": "list",
      "provider": "provider.aws",
      "instances": []
    },
    {
      "module": "module.main-vpc.module.main-vpc",
      "mode": "managed",
      "type": "aws_vpc_endpoint",
      "name": "ec2messages",
      "each": "list",
      "provider": "provider.aws",
      "instances": []
    },
    {
      "module": "module.main-vpc.module.main-vpc",
      "mode": "managed",
      "type": "aws_vpc_endpoint",
      "name": "ecr_api",
      "each": "list",
      "provider": "provider.aws",
      "instances": []
    },
    {
      "module": "module.main-vpc.module.main-vpc",
      "mode": "managed",
      "type": "aws_vpc_endpoint",
      "name": "ecr_dkr",
      "each": "list",
      "provider": "provider.aws",
      "instances": []
    },
    {
      "module": "module.main-vpc.module.main-vpc",
      "mode": "managed",
      "type": "aws_vpc_endpoint",
      "name": "ecs",
      "each": "list",
      "provider": "provider.aws",
      "instances": []
    },
    {
      "module": "module.main-vpc.module.main-vpc",
      "mode": "managed",
      "type": "aws_vpc_endpoint",
      "name": "ecs_agent",
      "each": "list",
      "provider": "provider.aws",
      "instances": []
    },
    {
      "module": "module.main-vpc.module.main-vpc",
      "mode": "managed",
      "type": "aws_vpc_endpoint",
      "name": "ecs_telemetry",
      "each": "list",
      "provider": "provider.aws",
      "instances": []
    },
    {
      "module": "module.main-vpc.module.main-vpc",
      "mode": "managed",
      "type": "aws_vpc_endpoint",
      "name": "efs",
      "each": "list",
      "provider": "provider.aws",
      "instances": []
    },
    {
      "module": "module.main-vpc.module.main-vpc",
      "mode": "managed",
      "type": "aws_vpc_endpoint",
      "name": "elastic_inference_runtime",
      "each": "list",
      "provider": "provider.aws",
      "instances": []
    },
    {
      "module": "module.main-vpc.module.main-vpc",
      "mode": "managed",
      "type": "aws_vpc_endpoint",
      "name": "elasticbeanstalk",
      "each": "list",
      "provider": "provider.aws",
      "instances": []
    },
    {
      "module": "module.main-vpc.module.main-vpc",
      "mode": "managed",
      "type": "aws_vpc_endpoint",
      "name": "elasticbeanstalk_health",
      "each": "list",
      "provider": "provider.aws",
      "instances": []
    },
    {
      "module": "module.main-vpc.module.main-vpc",
      "mode": "managed",
      "type": "aws_vpc_endpoint",
      "name": "elasticloadbalancing",
      "each": "list",
      "provider": "provider.aws",
      "instances": []
    },
    {
      "module": "module.main-vpc.module.main-vpc",
      "mode": "managed",
      "type": "aws_vpc_endpoint",
      "name": "emr",
      "each": "list",
      "provider": "provider.aws",
      "instances": []
    },
    {
      "module": "module.main-vpc.module.main-vpc",
      "mode": "managed",
      "type": "aws_vpc_endpoint",
      "name": "events",
      "each": "list",
      "provider": "provider.aws",
      "instances": []
    },
    {
      "module": "module.main-vpc.module.main-vpc",
      "mode": "managed",
      "type": "aws_vpc_endpoint",
      "name": "git_codecommit",
      "each": "list",
      "provider": "provider.aws",
      "instances": []
    },
    {
      "module": "module.main-vpc.module.main-vpc",
      "mode": "managed",
      "type": "aws_vpc_endpoint",
      "name": "glue",
      "each": "list",
      "provider": "provider.aws",
      "instances": []
    },
    {
      "module": "module.main-vpc.module.main-vpc",
      "mode": "managed",
      "type": "aws_vpc_endpoint",
      "name": "kinesis_firehose",
      "each": "list",
      "provider": "provider.aws",
      "instances": []
    },
    {
      "module": "module.main-vpc.module.main-vpc",
      "mode": "managed",
      "type": "aws_vpc_endpoint",
      "name": "kinesis_streams",
      "each": "list",
      "provider": "provider.aws",
      "instances": []
    },
    {
      "module": "module.main-vpc.module.main-vpc",
      "mode": "managed",
      "type": "aws_vpc_endpoint",
      "name": "kms",
      "each": "list",
      "provider": "provider.aws",
      "instances": []
    },
    {
      "module": "module.main-vpc.module.main-vpc",
      "mode": "managed",
      "type": "aws_vpc_endpoint",
      "name": "logs",
      "each": "list",
      "provider": "provider.aws",
      "instances": []
    },
    {
      "module": "module.main-vpc.module.main-vpc",
      "mode": "managed",
      "type": "aws_vpc_endpoint",
      "name": "monitoring",
      "each": "list",
      "provider": "provider.aws",
      "instances": []
    },
    {
      "module": "module.main-vpc.module.main-vpc",
      "mode": "managed",
      "type": "aws_vpc_endpoint",
      "name": "qldb_session",
      "each": "list",
      "provider": "provider.aws",
      "instances": []
    },
    {
      "module": "module.main-vpc.module.main-vpc",
      "mode": "managed",
      "type": "aws_vpc_endpoint",
      "name": "rekognition",
      "each": "list",
      "provider": "provider.aws",
      "instances": []
    },
    {
      "module": "module.main-vpc.module.main-vpc",
      "mode": "managed",
      "type": "aws_vpc_endpoint",
      "name": "s3",
      "each": "list",
      "provider": "provider.aws",
      "instances": []
    },
    {
      "module": "module.main-vpc.module.main-vpc",
      "mode": "managed",
      "type": "aws_vpc_endpoint",
      "name": "sagemaker_api",
      "each": "list",
      "provider": "provider.aws",
      "instances": []
    },
    {
      "module": "module.main-vpc.module.main-vpc",
      "mode": "managed",
      "type": "aws_vpc_endpoint",
      "name": "sagemaker_notebook",
      "each": "list",
      "provider": "provider.aws",
      "instances": []
    },
    {
      "module": "module.main-vpc.module.main-vpc",
      "mode": "managed",
      "type": "aws_vpc_endpoint",
      "name": "sagemaker_runtime",
      "each": "list",
      "provider": "provider.aws",
      "instances": []
    },
    {
      "module": "module.main-vpc.module.main-vpc",
      "mode": "managed",
      "type": "aws_vpc_endpoint",
      "name": "secretsmanager",
      "each": "list",
      "provider": "provider.aws",
      "instances": []
    },
    {
      "module": "module.main-vpc.module.main-vpc",
      "mode": "managed",
      "type": "aws_vpc_endpoint",
      "name": "servicecatalog",
      "each": "list",
      "provider": "provider.aws",
      "instances": []
    },
    {
      "module": "module.main-vpc.module.main-vpc",
      "mode": "managed",
      "type": "aws_vpc_endpoint",
      "name": "ses",
      "each": "list",
      "provider": "provider.aws",
      "instances": []
    },
    {
      "module": "module.main-vpc.module.main-vpc",
      "mode": "managed",
      "type": "aws_vpc_endpoint",
      "name": "sms",
      "each": "list",
      "provider": "provider.aws",
      "instances": []
    },
    {
      "module": "module.main-vpc.module.main-vpc",
      "mode": "managed",
      "type": "aws_vpc_endpoint",
      "name": "sns",
      "each": "list",
      "provider": "provider.aws",
      "instances": []
    },
    {
      "module": "module.main-vpc.module.main-vpc",
      "mode": "managed",
      "type": "aws_vpc_endpoint",
      "name": "sqs",
      "each": "list",
      "provider": "provider.aws",
      "instances": []
    },
    {
      "module": "module.main-vpc.module.main-vpc",
      "mode": "managed",
      "type": "aws_vpc_endpoint",
      "name": "ssm",
      "each": "list",
      "provider": "provider.aws",
      "instances": []
    },
    {
      "module": "module.main-vpc.module.main-vpc",
      "mode": "managed",
      "type": "aws_vpc_endpoint",
      "name": "ssmmessages",
      "each": "list",
      "provider": "provider.aws",
      "instances": []
    },
    {
      "module": "module.main-vpc.module.main-vpc",
      "mode": "managed",
      "type": "aws_vpc_endpoint",
      "name": "states",
      "each": "list",
      "provider": "provider.aws",
      "instances": []
    },
    {
      "module": "module.main-vpc.module.main-vpc",
      "mode": "managed",
      "type": "aws_vpc_endpoint",
      "name": "storagegateway",
      "each": "list",
      "provider": "provider.aws",
      "instances": []
    },
    {
      "module": "module.main-vpc.module.main-vpc",
      "mode": "managed",
      "type": "aws_vpc_endpoint",
      "name": "sts",
      "each": "list",
      "provider": "provider.aws",
      "instances": []
    },
    {
      "module": "module.main-vpc.module.main-vpc",
      "mode": "managed",
      "type": "aws_vpc_endpoint",
      "name": "transfer",
      "each": "list",
      "provider": "provider.aws",
      "instances": []
    },
    {
      "module": "module.main-vpc.module.main-vpc",
      "mode": "managed",
      "type": "aws_vpc_endpoint",
      "name": "transferserver",
      "each": "list",
      "provider": "provider.aws",
      "instances": []
    },
    {
      "module": "module.main-vpc.module.main-vpc",
      "mode": "managed",
      "type": "aws_vpc_endpoint",
      "name": "workspaces",
      "each": "list",
      "provider": "provider.aws",
      "instances": []
    },
    {
      "module": "module.main-vpc.module.main-vpc",
      "mode": "managed",
      "type": "aws_vpc_endpoint_route_table_association",
      "name": "intra_dynamodb",
      "each": "list",
      "provider": "provider.aws",
      "instances": []
    },
    {
      "module": "module.main-vpc.module.main-vpc",
      "mode": "managed",
      "type": "aws_vpc_endpoint_route_table_association",
      "name": "intra_s3",
      "each": "list",
      "provider": "provider.aws",
      "instances": []
    },
    {
      "module": "module.main-vpc.module.main-vpc",
      "mode": "managed",
      "type": "aws_vpc_endpoint_route_table_association",
      "name": "private_dynamodb",
      "each": "list",
      "provider": "provider.aws",
      "instances": []
    },
    {
      "module": "module.main-vpc.module.main-vpc",
      "mode": "managed",
      "type": "aws_vpc_endpoint_route_table_association",
      "name": "private_s3",
      "each": "list",
      "provider": "provider.aws",
      "instances": []
    },
    {
      "module": "module.main-vpc.module.main-vpc",
      "mode": "managed",
      "type": "aws_vpc_endpoint_route_table_association",
      "name": "public_dynamodb",
      "each": "list",
      "provider": "provider.aws",
      "instances": []
    },
    {
      "module": "module.main-vpc.module.main-vpc",
      "mode": "managed",
      "type": "aws_vpc_endpoint_route_table_association",
      "name": "public_s3",
      "each": "list",
      "provider": "provider.aws",
      "instances": []
    },
    {
      "module": "module.main-vpc.module.main-vpc",
      "mode": "managed",
      "type": "aws_vpc_ipv4_cidr_block_association",
      "name": "this",
      "each": "list",
      "provider": "provider.aws",
      "instances": []
    },
    {
      "module": "module.main-vpc.module.main-vpc",
      "mode": "managed",
      "type": "aws_vpn_gateway",
      "name": "this",
      "each": "list",
      "provider": "provider.aws",
      "instances": []
    },
    {
      "module": "module.main-vpc.module.main-vpc",
      "mode": "managed",
      "type": "aws_vpn_gateway_attachment",
      "name": "this",
      "each": "list",
      "provider": "provider.aws",
      "instances": []
    },
    {
      "module": "module.main-vpc.module.main-vpc",
      "mode": "managed",
      "type": "aws_vpn_gateway_route_propagation",
      "name": "intra",
      "each": "list",
      "provider": "provider.aws",
      "instances": []
    },
    {
      "module": "module.main-vpc.module.main-vpc",
      "mode": "managed",
      "type": "aws_vpn_gateway_route_propagation",
      "name": "private",
      "each": "list",
      "provider": "provider.aws",
      "instances": []
    },
    {
      "module": "module.main-vpc.module.main-vpc",
      "mode": "managed",
      "type": "aws_vpn_gateway_route_propagation",
      "name": "public",
      "each": "list",
      "provider": "provider.aws",
      "instances": []
    }
  ]
}
